// !$*UTF8*$!
{
	archiveVersion = 1;
	classes = {
	};
	objectVersion = 50;
	objects = {

/* Begin PBXBuildFile section */
		6D8E266B27B916BC008AB84D /* Model.swift in Sources */ = {isa = PBXBuildFile; fileRef = 6D8E266A27B916BC008AB84D /* Model.swift */; };
		6D8E267027B96ECD008AB84D /* ImageListCell.swift in Sources */ = {isa = PBXBuildFile; fileRef = 6D8E266F27B96ECD008AB84D /* ImageListCell.swift */; };
		6D8E267527B97268008AB84D /* ImageRepository.swift in Sources */ = {isa = PBXBuildFile; fileRef = 6D8E267427B97268008AB84D /* ImageRepository.swift */; };
		6D8E267A27B99081008AB84D /* Reachability.swift in Sources */ = {isa = PBXBuildFile; fileRef = 6D8E267927B99081008AB84D /* Reachability.swift */; };
		6D8E267F27B99406008AB84D /* ImageViewController.swift in Sources */ = {isa = PBXBuildFile; fileRef = 6D8E267E27B99406008AB84D /* ImageViewController.swift */; };
		6D8E268427B9949C008AB84D /* ImageView.storyboard in Resources */ = {isa = PBXBuildFile; fileRef = 6D8E268327B9949C008AB84D /* ImageView.storyboard */; };
		6D8E26B827BA7200008AB84D /* image_service_mock.json in Resources */ = {isa = PBXBuildFile; fileRef = 6D8E26B727BA7200008AB84D /* image_service_mock.json */; };
		6D8E26BD27BA7229008AB84D /* Mocks.swift in Sources */ = {isa = PBXBuildFile; fileRef = 6D8E26BC27BA7229008AB84D /* Mocks.swift */; };
		6D8E26CE27BA97A5008AB84D /* main.swift in Sources */ = {isa = PBXBuildFile; fileRef = 6D8E26CD27BA97A5008AB84D /* main.swift */; };
		6D8E26D327BA97CB008AB84D /* TestingAppDelegate.swift in Sources */ = {isa = PBXBuildFile; fileRef = 6D8E26D227BA97CB008AB84D /* TestingAppDelegate.swift */; };
		6D8E26D827BAA28B008AB84D /* InstaImageControllerTests.swift in Sources */ = {isa = PBXBuildFile; fileRef = 6D8E26D727BAA28B008AB84D /* InstaImageControllerTests.swift */; };
		6DACC27127B7829700ADD48A /* AppDelegate.swift in Sources */ = {isa = PBXBuildFile; fileRef = 6DACC27027B7829700ADD48A /* AppDelegate.swift */; };
		6DACC27527B7829700ADD48A /* ImageListViewController.swift in Sources */ = {isa = PBXBuildFile; fileRef = 6DACC27427B7829700ADD48A /* ImageListViewController.swift */; };
		6DACC27827B7829700ADD48A /* Main.storyboard in Resources */ = {isa = PBXBuildFile; fileRef = 6DACC27627B7829700ADD48A /* Main.storyboard */; };
		6DACC27A27B7829800ADD48A /* Assets.xcassets in Resources */ = {isa = PBXBuildFile; fileRef = 6DACC27927B7829800ADD48A /* Assets.xcassets */; };
		6DACC27D27B7829800ADD48A /* LaunchScreen.storyboard in Resources */ = {isa = PBXBuildFile; fileRef = 6DACC27B27B7829800ADD48A /* LaunchScreen.storyboard */; };
		6DACC28827B7829800ADD48A /* InstaPickTests.swift in Sources */ = {isa = PBXBuildFile; fileRef = 6DACC28727B7829800ADD48A /* InstaPickTests.swift */; };
		6DACC29327B7829900ADD48A /* InstaPickUITests.swift in Sources */ = {isa = PBXBuildFile; fileRef = 6DACC29227B7829900ADD48A /* InstaPickUITests.swift */; };
		6DACC2A727B79A2800ADD48A /* ViewModel.swift in Sources */ = {isa = PBXBuildFile; fileRef = 6DACC2A627B79A2800ADD48A /* ViewModel.swift */; };
		6DACC2B427B7D32D00ADD48A /* Observable.swift in Sources */ = {isa = PBXBuildFile; fileRef = 6DACC2B327B7D32D00ADD48A /* Observable.swift */; };
		6DACC2BF27B8050200ADD48A /* NetworkImageService.swift in Sources */ = {isa = PBXBuildFile; fileRef = 6DACC2BE27B8050200ADD48A /* NetworkImageService.swift */; };
/* End PBXBuildFile section */

/* Begin PBXContainerItemProxy section */
		6DACC28427B7829800ADD48A /* PBXContainerItemProxy */ = {
			isa = PBXContainerItemProxy;
			containerPortal = 6DACC26527B7829700ADD48A /* Project object */;
			proxyType = 1;
			remoteGlobalIDString = 6DACC26C27B7829700ADD48A;
			remoteInfo = InstaPick;
		};
		6DACC28F27B7829800ADD48A /* PBXContainerItemProxy */ = {
			isa = PBXContainerItemProxy;
			containerPortal = 6DACC26527B7829700ADD48A /* Project object */;
			proxyType = 1;
			remoteGlobalIDString = 6DACC26C27B7829700ADD48A;
			remoteInfo = InstaPick;
		};
/* End PBXContainerItemProxy section */

/* Begin PBXFileReference section */
		6D8E266A27B916BC008AB84D /* Model.swift */ = {isa = PBXFileReference; lastKnownFileType = sourcecode.swift; path = Model.swift; sourceTree = "<group>"; };
		6D8E266F27B96ECD008AB84D /* ImageListCell.swift */ = {isa = PBXFileReference; lastKnownFileType = sourcecode.swift; path = ImageListCell.swift; sourceTree = "<group>"; };
		6D8E267427B97268008AB84D /* ImageRepository.swift */ = {isa = PBXFileReference; lastKnownFileType = sourcecode.swift; path = ImageRepository.swift; sourceTree = "<group>"; };
		6D8E267927B99081008AB84D /* Reachability.swift */ = {isa = PBXFileReference; lastKnownFileType = sourcecode.swift; path = Reachability.swift; sourceTree = "<group>"; };
		6D8E267E27B99406008AB84D /* ImageViewController.swift */ = {isa = PBXFileReference; lastKnownFileType = sourcecode.swift; path = ImageViewController.swift; sourceTree = "<group>"; };
		6D8E268327B9949C008AB84D /* ImageView.storyboard */ = {isa = PBXFileReference; lastKnownFileType = file.storyboard; path = ImageView.storyboard; sourceTree = "<group>"; };
		6D8E26B727BA7200008AB84D /* image_service_mock.json */ = {isa = PBXFileReference; lastKnownFileType = text.json; path = image_service_mock.json; sourceTree = "<group>"; };
		6D8E26BC27BA7229008AB84D /* Mocks.swift */ = {isa = PBXFileReference; lastKnownFileType = sourcecode.swift; path = Mocks.swift; sourceTree = "<group>"; };
		6D8E26CD27BA97A5008AB84D /* main.swift */ = {isa = PBXFileReference; lastKnownFileType = sourcecode.swift; path = main.swift; sourceTree = "<group>"; };
		6D8E26D227BA97CB008AB84D /* TestingAppDelegate.swift */ = {isa = PBXFileReference; lastKnownFileType = sourcecode.swift; path = TestingAppDelegate.swift; sourceTree = "<group>"; };
		6D8E26D727BAA28B008AB84D /* InstaImageControllerTests.swift */ = {isa = PBXFileReference; lastKnownFileType = sourcecode.swift; path = InstaImageControllerTests.swift; sourceTree = "<group>"; };
		6DACC26D27B7829700ADD48A /* InstaPick.app */ = {isa = PBXFileReference; explicitFileType = wrapper.application; includeInIndex = 0; path = InstaPick.app; sourceTree = BUILT_PRODUCTS_DIR; };
		6DACC27027B7829700ADD48A /* AppDelegate.swift */ = {isa = PBXFileReference; lastKnownFileType = sourcecode.swift; path = AppDelegate.swift; sourceTree = "<group>"; };
		6DACC27427B7829700ADD48A /* ImageListViewController.swift */ = {isa = PBXFileReference; lastKnownFileType = sourcecode.swift; path = ImageListViewController.swift; sourceTree = "<group>"; };
		6DACC27727B7829700ADD48A /* Base */ = {isa = PBXFileReference; lastKnownFileType = file.storyboard; name = Base; path = Base.lproj/Main.storyboard; sourceTree = "<group>"; };
		6DACC27927B7829800ADD48A /* Assets.xcassets */ = {isa = PBXFileReference; lastKnownFileType = folder.assetcatalog; path = Assets.xcassets; sourceTree = "<group>"; };
		6DACC27C27B7829800ADD48A /* Base */ = {isa = PBXFileReference; lastKnownFileType = file.storyboard; name = Base; path = Base.lproj/LaunchScreen.storyboard; sourceTree = "<group>"; };
		6DACC27E27B7829800ADD48A /* Info.plist */ = {isa = PBXFileReference; lastKnownFileType = text.plist.xml; path = Info.plist; sourceTree = "<group>"; };
		6DACC28327B7829800ADD48A /* InstaPickTests.xctest */ = {isa = PBXFileReference; explicitFileType = wrapper.cfbundle; includeInIndex = 0; path = InstaPickTests.xctest; sourceTree = BUILT_PRODUCTS_DIR; };
		6DACC28727B7829800ADD48A /* InstaPickTests.swift */ = {isa = PBXFileReference; lastKnownFileType = sourcecode.swift; path = InstaPickTests.swift; sourceTree = "<group>"; };
		6DACC28927B7829800ADD48A /* Info.plist */ = {isa = PBXFileReference; lastKnownFileType = text.plist.xml; path = Info.plist; sourceTree = "<group>"; };
		6DACC28E27B7829800ADD48A /* InstaPickUITests.xctest */ = {isa = PBXFileReference; explicitFileType = wrapper.cfbundle; includeInIndex = 0; path = InstaPickUITests.xctest; sourceTree = BUILT_PRODUCTS_DIR; };
		6DACC29227B7829900ADD48A /* InstaPickUITests.swift */ = {isa = PBXFileReference; lastKnownFileType = sourcecode.swift; path = InstaPickUITests.swift; sourceTree = "<group>"; };
		6DACC29427B7829900ADD48A /* Info.plist */ = {isa = PBXFileReference; lastKnownFileType = text.plist.xml; path = Info.plist; sourceTree = "<group>"; };
		6DACC2A627B79A2800ADD48A /* ViewModel.swift */ = {isa = PBXFileReference; lastKnownFileType = sourcecode.swift; path = ViewModel.swift; sourceTree = "<group>"; };
		6DACC2B327B7D32D00ADD48A /* Observable.swift */ = {isa = PBXFileReference; lastKnownFileType = sourcecode.swift; path = Observable.swift; sourceTree = "<group>"; };
		6DACC2BE27B8050200ADD48A /* NetworkImageService.swift */ = {isa = PBXFileReference; lastKnownFileType = sourcecode.swift; path = NetworkImageService.swift; sourceTree = "<group>"; };
/* End PBXFileReference section */

/* Begin PBXFrameworksBuildPhase section */
		6DACC26A27B7829700ADD48A /* Frameworks */ = {
			isa = PBXFrameworksBuildPhase;
			buildActionMask = 2147483647;
			files = (
			);
			runOnlyForDeploymentPostprocessing = 0;
		};
		6DACC28027B7829800ADD48A /* Frameworks */ = {
			isa = PBXFrameworksBuildPhase;
			buildActionMask = 2147483647;
			files = (
			);
			runOnlyForDeploymentPostprocessing = 0;
		};
		6DACC28B27B7829800ADD48A /* Frameworks */ = {
			isa = PBXFrameworksBuildPhase;
			buildActionMask = 2147483647;
			files = (
			);
			runOnlyForDeploymentPostprocessing = 0;
		};
/* End PBXFrameworksBuildPhase section */

/* Begin PBXGroup section */
		6D8E268827B9A02D008AB84D /* View Controllers */ = {
			isa = PBXGroup;
			children = (
				6DACC27427B7829700ADD48A /* ImageListViewController.swift */,
				6D8E267E27B99406008AB84D /* ImageViewController.swift */,
			);
			path = "View Controllers";
			sourceTree = "<group>";
		};
		6D8E268927B9A041008AB84D /* Views */ = {
			isa = PBXGroup;
			children = (
				6D8E268327B9949C008AB84D /* ImageView.storyboard */,
				6D8E266F27B96ECD008AB84D /* ImageListCell.swift */,
				6DACC27627B7829700ADD48A /* Main.storyboard */,
				6DACC27B27B7829800ADD48A /* LaunchScreen.storyboard */,
			);
			path = Views;
			sourceTree = "<group>";
		};
		6D8E268B27B9A05D008AB84D /* Models */ = {
			isa = PBXGroup;
			children = (
				6DACC2A627B79A2800ADD48A /* ViewModel.swift */,
				6D8E266A27B916BC008AB84D /* Model.swift */,
			);
			path = Models;
			sourceTree = "<group>";
		};
		6D8E268C27B9A073008AB84D /* Utility */ = {
			isa = PBXGroup;
			children = (
				6DACC2B327B7D32D00ADD48A /* Observable.swift */,
				6D8E267927B99081008AB84D /* Reachability.swift */,
			);
			path = Utility;
			sourceTree = "<group>";
		};
		6D8E269127B9A142008AB84D /* Services */ = {
			isa = PBXGroup;
			children = (
				6DACC2BE27B8050200ADD48A /* NetworkImageService.swift */,
				6D8E267427B97268008AB84D /* ImageRepository.swift */,
			);
			path = Services;
			sourceTree = "<group>";
		};
		6DACC26427B7829700ADD48A = {
			isa = PBXGroup;
			children = (
				6DACC26F27B7829700ADD48A /* InstaPick */,
				6DACC28627B7829800ADD48A /* InstaPickTests */,
				6DACC29127B7829900ADD48A /* InstaPickUITests */,
				6DACC26E27B7829700ADD48A /* Products */,
			);
			sourceTree = "<group>";
		};
		6DACC26E27B7829700ADD48A /* Products */ = {
			isa = PBXGroup;
			children = (
				6DACC26D27B7829700ADD48A /* InstaPick.app */,
				6DACC28327B7829800ADD48A /* InstaPickTests.xctest */,
				6DACC28E27B7829800ADD48A /* InstaPickUITests.xctest */,
			);
			name = Products;
			sourceTree = "<group>";
		};
		6DACC26F27B7829700ADD48A /* InstaPick */ = {
			isa = PBXGroup;
			children = (
				6DACC27027B7829700ADD48A /* AppDelegate.swift */,
				6D8E26CD27BA97A5008AB84D /* main.swift */,
				6D8E268827B9A02D008AB84D /* View Controllers */,
				6D8E268927B9A041008AB84D /* Views */,
				6D8E268B27B9A05D008AB84D /* Models */,
				6D8E268C27B9A073008AB84D /* Utility */,
				6D8E269127B9A142008AB84D /* Services */,
				6DACC27927B7829800ADD48A /* Assets.xcassets */,
				6DACC27E27B7829800ADD48A /* Info.plist */,
			);
			path = InstaPick;
			sourceTree = "<group>";
		};
		6DACC28627B7829800ADD48A /* InstaPickTests */ = {
			isa = PBXGroup;
			children = (
				6DACC28727B7829800ADD48A /* InstaPickTests.swift */,
				6D8E26D727BAA28B008AB84D /* InstaImageControllerTests.swift */,
				6D8E26D227BA97CB008AB84D /* TestingAppDelegate.swift */,
				6D8E26BC27BA7229008AB84D /* Mocks.swift */,
				6D8E26B727BA7200008AB84D /* image_service_mock.json */,
				6DACC28927B7829800ADD48A /* Info.plist */,
			);
			path = InstaPickTests;
			sourceTree = "<group>";
		};
		6DACC29127B7829900ADD48A /* InstaPickUITests */ = {
			isa = PBXGroup;
			children = (
				6DACC29227B7829900ADD48A /* InstaPickUITests.swift */,
				6DACC29427B7829900ADD48A /* Info.plist */,
			);
			path = InstaPickUITests;
			sourceTree = "<group>";
		};
/* End PBXGroup section */

/* Begin PBXNativeTarget section */
		6DACC26C27B7829700ADD48A /* InstaPick */ = {
			isa = PBXNativeTarget;
			buildConfigurationList = 6DACC29727B7829900ADD48A /* Build configuration list for PBXNativeTarget "InstaPick" */;
			buildPhases = (
				6DACC26927B7829700ADD48A /* Sources */,
				6DACC26A27B7829700ADD48A /* Frameworks */,
				6DACC26B27B7829700ADD48A /* Resources */,
			);
			buildRules = (
			);
			dependencies = (
			);
			name = InstaPick;
			packageProductDependencies = (
			);
			productName = InstaPick;
			productReference = 6DACC26D27B7829700ADD48A /* InstaPick.app */;
			productType = "com.apple.product-type.application";
		};
		6DACC28227B7829800ADD48A /* InstaPickTests */ = {
			isa = PBXNativeTarget;
			buildConfigurationList = 6DACC29A27B7829900ADD48A /* Build configuration list for PBXNativeTarget "InstaPickTests" */;
			buildPhases = (
				6DACC27F27B7829800ADD48A /* Sources */,
				6DACC28027B7829800ADD48A /* Frameworks */,
				6DACC28127B7829800ADD48A /* Resources */,
			);
			buildRules = (
			);
			dependencies = (
				6DACC28527B7829800ADD48A /* PBXTargetDependency */,
			);
			name = InstaPickTests;
			productName = InstaPickTests;
			productReference = 6DACC28327B7829800ADD48A /* InstaPickTests.xctest */;
			productType = "com.apple.product-type.bundle.unit-test";
		};
		6DACC28D27B7829800ADD48A /* InstaPickUITests */ = {
			isa = PBXNativeTarget;
			buildConfigurationList = 6DACC29D27B7829900ADD48A /* Build configuration list for PBXNativeTarget "InstaPickUITests" */;
			buildPhases = (
				6DACC28A27B7829800ADD48A /* Sources */,
				6DACC28B27B7829800ADD48A /* Frameworks */,
				6DACC28C27B7829800ADD48A /* Resources */,
			);
			buildRules = (
			);
			dependencies = (
				6DACC29027B7829800ADD48A /* PBXTargetDependency */,
			);
			name = InstaPickUITests;
			productName = InstaPickUITests;
			productReference = 6DACC28E27B7829800ADD48A /* InstaPickUITests.xctest */;
			productType = "com.apple.product-type.bundle.ui-testing";
		};
/* End PBXNativeTarget section */

/* Begin PBXProject section */
		6DACC26527B7829700ADD48A /* Project object */ = {
			isa = PBXProject;
			attributes = {
				LastSwiftUpdateCheck = 1200;
				LastUpgradeCheck = 1200;
				TargetAttributes = {
					6DACC26C27B7829700ADD48A = {
						CreatedOnToolsVersion = 12.0;
					};
					6DACC28227B7829800ADD48A = {
						CreatedOnToolsVersion = 12.0;
						TestTargetID = 6DACC26C27B7829700ADD48A;
					};
					6DACC28D27B7829800ADD48A = {
						CreatedOnToolsVersion = 12.0;
						TestTargetID = 6DACC26C27B7829700ADD48A;
					};
				};
			};
			buildConfigurationList = 6DACC26827B7829700ADD48A /* Build configuration list for PBXProject "InstaPick" */;
			compatibilityVersion = "Xcode 9.3";
			developmentRegion = en;
			hasScannedForEncodings = 0;
			knownRegions = (
				en,
				Base,
			);
			mainGroup = 6DACC26427B7829700ADD48A;
			packageReferences = (
			);
			productRefGroup = 6DACC26E27B7829700ADD48A /* Products */;
			projectDirPath = "";
			projectRoot = "";
			targets = (
				6DACC26C27B7829700ADD48A /* InstaPick */,
				6DACC28227B7829800ADD48A /* InstaPickTests */,
				6DACC28D27B7829800ADD48A /* InstaPickUITests */,
			);
		};
/* End PBXProject section */

/* Begin PBXResourcesBuildPhase section */
		6DACC26B27B7829700ADD48A /* Resources */ = {
			isa = PBXResourcesBuildPhase;
			buildActionMask = 2147483647;
			files = (
				6DACC27D27B7829800ADD48A /* LaunchScreen.storyboard in Resources */,
				6D8E268427B9949C008AB84D /* ImageView.storyboard in Resources */,
				6DACC27A27B7829800ADD48A /* Assets.xcassets in Resources */,
				6DACC27827B7829700ADD48A /* Main.storyboard in Resources */,
			);
			runOnlyForDeploymentPostprocessing = 0;
		};
		6DACC28127B7829800ADD48A /* Resources */ = {
			isa = PBXResourcesBuildPhase;
			buildActionMask = 2147483647;
			files = (
				6D8E26B827BA7200008AB84D /* image_service_mock.json in Resources */,
			);
			runOnlyForDeploymentPostprocessing = 0;
		};
		6DACC28C27B7829800ADD48A /* Resources */ = {
			isa = PBXResourcesBuildPhase;
			buildActionMask = 2147483647;
			files = (
			);
			runOnlyForDeploymentPostprocessing = 0;
		};
/* End PBXResourcesBuildPhase section */

/* Begin PBXSourcesBuildPhase section */
		6DACC26927B7829700ADD48A /* Sources */ = {
			isa = PBXSourcesBuildPhase;
			buildActionMask = 2147483647;
			files = (
				6D8E267027B96ECD008AB84D /* ImageListCell.swift in Sources */,
				6DACC27527B7829700ADD48A /* ImageListViewController.swift in Sources */,
				6D8E267F27B99406008AB84D /* ImageViewController.swift in Sources */,
				6DACC27127B7829700ADD48A /* AppDelegate.swift in Sources */,
				6D8E267527B97268008AB84D /* ImageRepository.swift in Sources */,
				6DACC2A727B79A2800ADD48A /* ViewModel.swift in Sources */,
				6D8E267A27B99081008AB84D /* Reachability.swift in Sources */,
				6D8E26CE27BA97A5008AB84D /* main.swift in Sources */,
				6D8E266B27B916BC008AB84D /* Model.swift in Sources */,
				6DACC2BF27B8050200ADD48A /* NetworkImageService.swift in Sources */,
				6DACC2B427B7D32D00ADD48A /* Observable.swift in Sources */,
			);
			runOnlyForDeploymentPostprocessing = 0;
		};
		6DACC27F27B7829800ADD48A /* Sources */ = {
			isa = PBXSourcesBuildPhase;
			buildActionMask = 2147483647;
			files = (
				6D8E26D327BA97CB008AB84D /* TestingAppDelegate.swift in Sources */,
				6DACC28827B7829800ADD48A /* InstaPickTests.swift in Sources */,
				6D8E26BD27BA7229008AB84D /* Mocks.swift in Sources */,
				6D8E26D827BAA28B008AB84D /* InstaImageControllerTests.swift in Sources */,
			);
			runOnlyForDeploymentPostprocessing = 0;
		};
		6DACC28A27B7829800ADD48A /* Sources */ = {
			isa = PBXSourcesBuildPhase;
			buildActionMask = 2147483647;
			files = (
				6DACC29327B7829900ADD48A /* InstaPickUITests.swift in Sources */,
			);
			runOnlyForDeploymentPostprocessing = 0;
		};
/* End PBXSourcesBuildPhase section */

/* Begin PBXTargetDependency section */
		6DACC28527B7829800ADD48A /* PBXTargetDependency */ = {
			isa = PBXTargetDependency;
			target = 6DACC26C27B7829700ADD48A /* InstaPick */;
			targetProxy = 6DACC28427B7829800ADD48A /* PBXContainerItemProxy */;
		};
		6DACC29027B7829800ADD48A /* PBXTargetDependency */ = {
			isa = PBXTargetDependency;
			target = 6DACC26C27B7829700ADD48A /* InstaPick */;
			targetProxy = 6DACC28F27B7829800ADD48A /* PBXContainerItemProxy */;
		};
/* End PBXTargetDependency section */

/* Begin PBXVariantGroup section */
		6DACC27627B7829700ADD48A /* Main.storyboard */ = {
			isa = PBXVariantGroup;
			children = (
				6DACC27727B7829700ADD48A /* Base */,
			);
			name = Main.storyboard;
			sourceTree = "<group>";
		};
		6DACC27B27B7829800ADD48A /* LaunchScreen.storyboard */ = {
			isa = PBXVariantGroup;
			children = (
				6DACC27C27B7829800ADD48A /* Base */,
			);
			name = LaunchScreen.storyboard;
			sourceTree = "<group>";
		};
/* End PBXVariantGroup section */

/* Begin XCBuildConfiguration section */
		6DACC29527B7829900ADD48A /* Debug */ = {
			isa = XCBuildConfiguration;
			buildSettings = {
				ALWAYS_SEARCH_USER_PATHS = NO;
				CLANG_ANALYZER_NONNULL = YES;
				CLANG_ANALYZER_NUMBER_OBJECT_CONVERSION = YES_AGGRESSIVE;
				CLANG_CXX_LANGUAGE_STANDARD = "gnu++14";
				CLANG_CXX_LIBRARY = "libc++";
				CLANG_ENABLE_MODULES = YES;
				CLANG_ENABLE_OBJC_ARC = YES;
				CLANG_ENABLE_OBJC_WEAK = YES;
				CLANG_WARN_BLOCK_CAPTURE_AUTORELEASING = YES;
				CLANG_WARN_BOOL_CONVERSION = YES;
				CLANG_WARN_COMMA = YES;
				CLANG_WARN_CONSTANT_CONVERSION = YES;
				CLANG_WARN_DEPRECATED_OBJC_IMPLEMENTATIONS = YES;
				CLANG_WARN_DIRECT_OBJC_ISA_USAGE = YES_ERROR;
				CLANG_WARN_DOCUMENTATION_COMMENTS = YES;
				CLANG_WARN_EMPTY_BODY = YES;
				CLANG_WARN_ENUM_CONVERSION = YES;
				CLANG_WARN_INFINITE_RECURSION = YES;
				CLANG_WARN_INT_CONVERSION = YES;
				CLANG_WARN_NON_LITERAL_NULL_CONVERSION = YES;
				CLANG_WARN_OBJC_IMPLICIT_RETAIN_SELF = YES;
				CLANG_WARN_OBJC_LITERAL_CONVERSION = YES;
				CLANG_WARN_OBJC_ROOT_CLASS = YES_ERROR;
				CLANG_WARN_QUOTED_INCLUDE_IN_FRAMEWORK_HEADER = YES;
				CLANG_WARN_RANGE_LOOP_ANALYSIS = YES;
				CLANG_WARN_STRICT_PROTOTYPES = YES;
				CLANG_WARN_SUSPICIOUS_MOVE = YES;
				CLANG_WARN_UNGUARDED_AVAILABILITY = YES_AGGRESSIVE;
				CLANG_WARN_UNREACHABLE_CODE = YES;
				CLANG_WARN__DUPLICATE_METHOD_MATCH = YES;
				COPY_PHASE_STRIP = NO;
				DEBUG_INFORMATION_FORMAT = dwarf;
				ENABLE_STRICT_OBJC_MSGSEND = YES;
				ENABLE_TESTABILITY = YES;
				GCC_C_LANGUAGE_STANDARD = gnu11;
				GCC_DYNAMIC_NO_PIC = NO;
				GCC_NO_COMMON_BLOCKS = YES;
				GCC_OPTIMIZATION_LEVEL = 0;
				GCC_PREPROCESSOR_DEFINITIONS = (
					"DEBUG=1",
					"$(inherited)",
				);
				GCC_WARN_64_TO_32_BIT_CONVERSION = YES;
				GCC_WARN_ABOUT_RETURN_TYPE = YES_ERROR;
				GCC_WARN_UNDECLARED_SELECTOR = YES;
				GCC_WARN_UNINITIALIZED_AUTOS = YES_AGGRESSIVE;
				GCC_WARN_UNUSED_FUNCTION = YES;
				GCC_WARN_UNUSED_VARIABLE = YES;
				IPHONEOS_DEPLOYMENT_TARGET = 13.1;
				MTL_ENABLE_DEBUG_INFO = INCLUDE_SOURCE;
				MTL_FAST_MATH = YES;
				ONLY_ACTIVE_ARCH = YES;
				SDKROOT = iphoneos;
				SWIFT_ACTIVE_COMPILATION_CONDITIONS = DEBUG;
				SWIFT_OPTIMIZATION_LEVEL = "-Onone";
			};
			name = Debug;
		};
		6DACC29627B7829900ADD48A /* Release */ = {
			isa = XCBuildConfiguration;
			buildSettings = {
				ALWAYS_SEARCH_USER_PATHS = NO;
				CLANG_ANALYZER_NONNULL = YES;
				CLANG_ANALYZER_NUMBER_OBJECT_CONVERSION = YES_AGGRESSIVE;
				CLANG_CXX_LANGUAGE_STANDARD = "gnu++14";
				CLANG_CXX_LIBRARY = "libc++";
				CLANG_ENABLE_MODULES = YES;
				CLANG_ENABLE_OBJC_ARC = YES;
				CLANG_ENABLE_OBJC_WEAK = YES;
				CLANG_WARN_BLOCK_CAPTURE_AUTORELEASING = YES;
				CLANG_WARN_BOOL_CONVERSION = YES;
				CLANG_WARN_COMMA = YES;
				CLANG_WARN_CONSTANT_CONVERSION = YES;
				CLANG_WARN_DEPRECATED_OBJC_IMPLEMENTATIONS = YES;
				CLANG_WARN_DIRECT_OBJC_ISA_USAGE = YES_ERROR;
				CLANG_WARN_DOCUMENTATION_COMMENTS = YES;
				CLANG_WARN_EMPTY_BODY = YES;
				CLANG_WARN_ENUM_CONVERSION = YES;
				CLANG_WARN_INFINITE_RECURSION = YES;
				CLANG_WARN_INT_CONVERSION = YES;
				CLANG_WARN_NON_LITERAL_NULL_CONVERSION = YES;
				CLANG_WARN_OBJC_IMPLICIT_RETAIN_SELF = YES;
				CLANG_WARN_OBJC_LITERAL_CONVERSION = YES;
				CLANG_WARN_OBJC_ROOT_CLASS = YES_ERROR;
				CLANG_WARN_QUOTED_INCLUDE_IN_FRAMEWORK_HEADER = YES;
				CLANG_WARN_RANGE_LOOP_ANALYSIS = YES;
				CLANG_WARN_STRICT_PROTOTYPES = YES;
				CLANG_WARN_SUSPICIOUS_MOVE = YES;
				CLANG_WARN_UNGUARDED_AVAILABILITY = YES_AGGRESSIVE;
				CLANG_WARN_UNREACHABLE_CODE = YES;
				CLANG_WARN__DUPLICATE_METHOD_MATCH = YES;
				COPY_PHASE_STRIP = NO;
				DEBUG_INFORMATION_FORMAT = "dwarf-with-dsym";
				ENABLE_NS_ASSERTIONS = NO;
				ENABLE_STRICT_OBJC_MSGSEND = YES;
				GCC_C_LANGUAGE_STANDARD = gnu11;
				GCC_NO_COMMON_BLOCKS = YES;
				GCC_WARN_64_TO_32_BIT_CONVERSION = YES;
				GCC_WARN_ABOUT_RETURN_TYPE = YES_ERROR;
				GCC_WARN_UNDECLARED_SELECTOR = YES;
				GCC_WARN_UNINITIALIZED_AUTOS = YES_AGGRESSIVE;
				GCC_WARN_UNUSED_FUNCTION = YES;
				GCC_WARN_UNUSED_VARIABLE = YES;
				IPHONEOS_DEPLOYMENT_TARGET = 13.1;
				MTL_ENABLE_DEBUG_INFO = NO;
				MTL_FAST_MATH = YES;
				SDKROOT = iphoneos;
				SWIFT_COMPILATION_MODE = wholemodule;
				SWIFT_OPTIMIZATION_LEVEL = "-O";
				VALIDATE_PRODUCT = YES;
			};
			name = Release;
		};
		6DACC29827B7829900ADD48A /* Debug */ = {
			isa = XCBuildConfiguration;
			buildSettings = {
				ASSETCATALOG_COMPILER_APPICON_NAME = AppIcon;
				ASSETCATALOG_COMPILER_GLOBAL_ACCENT_COLOR_NAME = AccentColor;
				CODE_SIGN_STYLE = Automatic;
				INFOPLIST_FILE = InstaPick/Info.plist;
				LD_RUNPATH_SEARCH_PATHS = (
					"$(inherited)",
					"@executable_path/Frameworks",
				);
				PRODUCT_BUNDLE_IDENTIFIER = Rajat.InstaPick;
				PRODUCT_NAME = "$(TARGET_NAME)";
				SWIFT_VERSION = 5.0;
				TARGETED_DEVICE_FAMILY = 1;
			};
			name = Debug;
		};
		6DACC29927B7829900ADD48A /* Release */ = {
			isa = XCBuildConfiguration;
			buildSettings = {
				ASSETCATALOG_COMPILER_APPICON_NAME = AppIcon;
				ASSETCATALOG_COMPILER_GLOBAL_ACCENT_COLOR_NAME = AccentColor;
				CODE_SIGN_STYLE = Automatic;
				DEVELOPMENT_TEAM = "";
				INFOPLIST_FILE = InstaPick/Info.plist;
				LD_RUNPATH_SEARCH_PATHS = (
					"$(inherited)",
					"@executable_path/Frameworks",
				);
				PRODUCT_BUNDLE_IDENTIFIER = Rajat.InstaPick;
				PRODUCT_NAME = "$(TARGET_NAME)";
				SWIFT_VERSION = 5.0;
				TARGETED_DEVICE_FAMILY = 1;
			};
			name = Release;
		};
		6DACC29B27B7829900ADD48A /* Debug */ = {
			isa = XCBuildConfiguration;
			buildSettings = {
				ALWAYS_EMBED_SWIFT_STANDARD_LIBRARIES = YES;
				BUNDLE_LOADER = "$(TEST_HOST)";
				CODE_SIGN_STYLE = Automatic;
				INFOPLIST_FILE = InstaPickTests/Info.plist;
				IPHONEOS_DEPLOYMENT_TARGET = 14.0;
				LD_RUNPATH_SEARCH_PATHS = (
					"$(inherited)",
					"@executable_path/Frameworks",
					"@loader_path/Frameworks",
				);
				PRODUCT_BUNDLE_IDENTIFIER = Rajat.InstaPickTests;
				PRODUCT_NAME = "$(TARGET_NAME)";
				SWIFT_VERSION = 5.0;
				TARGETED_DEVICE_FAMILY = "1,2";
				TEST_HOST = "$(BUILT_PRODUCTS_DIR)/InstaPick.app/InstaPick";
			};
			name = Debug;
		};
		6DACC29C27B7829900ADD48A /* Release */ = {
			isa = XCBuildConfiguration;
			buildSettings = {
				ALWAYS_EMBED_SWIFT_STANDARD_LIBRARIES = YES;
				BUNDLE_LOADER = "$(TEST_HOST)";
				CODE_SIGN_STYLE = Automatic;
				INFOPLIST_FILE = InstaPickTests/Info.plist;
				IPHONEOS_DEPLOYMENT_TARGET = 14.0;
				LD_RUNPATH_SEARCH_PATHS = (
					"$(inherited)",
					"@executable_path/Frameworks",
					"@loader_path/Frameworks",
				);
				PRODUCT_BUNDLE_IDENTIFIER = Rajat.InstaPickTests;
				PRODUCT_NAME = "$(TARGET_NAME)";
				SWIFT_VERSION = 5.0;
				TARGETED_DEVICE_FAMILY = "1,2";
				TEST_HOST = "$(BUILT_PRODUCTS_DIR)/InstaPick.app/InstaPick";
			};
			name = Release;
		};
		6DACC29E27B7829900ADD48A /* Debug */ = {
			isa = XCBuildConfiguration;
			buildSettings = {
				ALWAYS_EMBED_SWIFT_STANDARD_LIBRARIES = YES;
				CODE_SIGN_STYLE = Automatic;
				INFOPLIST_FILE = InstaPickUITests/Info.plist;
				LD_RUNPATH_SEARCH_PATHS = (
					"$(inherited)",
					"@executable_path/Frameworks",
					"@loader_path/Frameworks",
				);
				PRODUCT_BUNDLE_IDENTIFIER = Rajat.InstaPickUITests;
				PRODUCT_NAME = "$(TARGET_NAME)";
				SWIFT_VERSION = 5.0;
				TARGETED_DEVICE_FAMILY = "1,2";
				TEST_TARGET_NAME = InstaPick;
			};
			name = Debug;
		};
		6DACC29F27B7829900ADD48A /* Release */ = {
			isa = XCBuildConfiguration;
			buildSettings = {
				ALWAYS_EMBED_SWIFT_STANDARD_LIBRARIES = YES;
				CODE_SIGN_STYLE = Automatic;
				INFOPLIST_FILE = InstaPickUITests/Info.plist;
				LD_RUNPATH_SEARCH_PATHS = (
					"$(inherited)",
					"@executable_path/Frameworks",
					"@loader_path/Frameworks",
				);
				PRODUCT_BUNDLE_IDENTIFIER = Rajat.InstaPickUITests;
				PRODUCT_NAME = "$(TARGET_NAME)";
				SWIFT_VERSION = 5.0;
				TARGETED_DEVICE_FAMILY = "1,2";
				TEST_TARGET_NAME = InstaPick;
			};
			name = Release;
		};
/* End XCBuildConfiguration section */

/* Begin XCConfigurationList section */
		6DACC26827B7829700ADD48A /* Build configuration list for PBXProject "InstaPick" */ = {
			isa = XCConfigurationList;
			buildConfigurations = (
				6DACC29527B7829900ADD48A /* Debug */,
				6DACC29627B7829900ADD48A /* Release */,
			);
			defaultConfigurationIsVisible = 0;
			defaultConfigurationName = Release;
		};
		6DACC29727B7829900ADD48A /* Build configuration list for PBXNativeTarget "InstaPick" */ = {
			isa = XCConfigurationList;
			buildConfigurations = (
				6DACC29827B7829900ADD48A /* Debug */,
				6DACC29927B7829900ADD48A /* Release */,
			);
			defaultConfigurationIsVisible = 0;
			defaultConfigurationName = Release;
		};
		6DACC29A27B7829900ADD48A /* Build configuration list for PBXNativeTarget "InstaPickTests" */ = {
			isa = XCConfigurationList;
			buildConfigurations = (
				6DACC29B27B7829900ADD48A /* Debug */,
				6DACC29C27B7829900ADD48A /* Release */,
			);
			defaultConfigurationIsVisible = 0;
			defaultConfigurationName = Release;
		};
		6DACC29D27B7829900ADD48A /* Build configuration list for PBXNativeTarget "InstaPickUITests" */ = {
			isa = XCConfigurationList;
			buildConfigurations = (
				6DACC29E27B7829900ADD48A /* Debug */,
				6DACC29F27B7829900ADD48A /* Release */,
			);
			defaultConfigurationIsVisible = 0;
			defaultConfigurationName = Release;
		};
/* End XCConfigurationList section */
	};
	rootObject = 6DACC26527B7829700ADD48A /* Project object */;
}
